
Microsoft Visual Studio Solution File, Format Version 12.00
Project("{FAE04EC0-301F-11D3-BF4B-00C04F79EFBC}") = "Perconall.PublicApi", "Perconall\Perconall.PublicApi.csproj", "{54F07C0F-B0EB-492D-950A-28648B0E80E7}"
EndProject
Project("{FAE04EC0-301F-11D3-BF4B-00C04F79EFBC}") = "Perconall.Core", "Perconall.Core\Perconall.Core.csproj", "{9B85DC33-5F32-4936-AC65-92EB85F50910}"
EndProject
Project("{FAE04EC0-301F-11D3-BF4B-00C04F79EFBC}") = "Perconall.Worker", "Perconall.Worker\Perconall.Worker.csproj", "{C8F5C237-B885-4419-BC45-C044D33F1414}"
EndProject
Global
	GlobalSection(SolutionConfigurationPlatforms) = preSolution
		Debug|Any CPU = Debug|Any CPU
		Release|Any CPU = Release|Any CPU
	EndGlobalSection
	GlobalSection(ProjectConfigurationPlatforms) = postSolution
		{54F07C0F-B0EB-492D-950A-28648B0E80E7}.Debug|Any CPU.ActiveCfg = Debug|Any CPU
		{54F07C0F-B0EB-492D-950A-28648B0E80E7}.Debug|Any CPU.Build.0 = Debug|Any CPU
		{54F07C0F-B0EB-492D-950A-28648B0E80E7}.Release|Any CPU.ActiveCfg = Release|Any CPU
		{54F07C0F-B0EB-492D-950A-28648B0E80E7}.Release|Any CPU.Build.0 = Release|Any CPU
		{9B85DC33-5F32-4936-AC65-92EB85F50910}.Debug|Any CPU.ActiveCfg = Debug|Any CPU
		{9B85DC33-5F32-4936-AC65-92EB85F50910}.Debug|Any CPU.Build.0 = Debug|Any CPU
		{9B85DC33-5F32-4936-AC65-92EB85F50910}.Release|Any CPU.ActiveCfg = Release|Any CPU
		{9B85DC33-5F32-4936-AC65-92EB85F50910}.Release|Any CPU.Build.0 = Release|Any CPU
		{C8F5C237-B885-4419-BC45-C044D33F1414}.Debug|Any CPU.ActiveCfg = Debug|Any CPU
		{C8F5C237-B885-4419-BC45-C044D33F1414}.Debug|Any CPU.Build.0 = Debug|Any CPU
		{C8F5C237-B885-4419-BC45-C044D33F1414}.Release|Any CPU.ActiveCfg = Release|Any CPU
		{C8F5C237-B885-4419-BC45-C044D33F1414}.Release|Any CPU.Build.0 = Release|Any CPU
	EndGlobalSection
EndGlobal
